
Microsoft Visual Studio Solution File, Format Version 12.00
# Visual Studio Version 16
VisualStudioVersion = 16.0.29609.76
MinimumVisualStudioVersion = 10.0.40219.1
Project("{2150E333-8FDC-42A3-9474-1A3956D46DE8}") = "0 - Presentation", "0 - Presentation", "{9D04DCD4-F734-48F3-938F-2019E15EB8F4}"
EndProject
Project("{2150E333-8FDC-42A3-9474-1A3956D46DE8}") = "1 - Application", "1 - Application", "{27CE0B20-8EA4-4308-81B3-358A90DB447A}"
EndProject
Project("{2150E333-8FDC-42A3-9474-1A3956D46DE8}") = "2 - Domain", "2 - Domain", "{138BC81B-080E-4C8E-AC32-99122E0975BD}"
EndProject
Project("{2150E333-8FDC-42A3-9474-1A3956D46DE8}") = "4 - Infra", "4 - Infra", "{D3867F77-BF1A-4FAE-8A32-2FA286BCF364}"
EndProject
Project("{2150E333-8FDC-42A3-9474-1A3956D46DE8}") = "5 - Test", "5 - Test", "{5F48F8C5-EDC5-49AE-9850-8B3E16F73D8C}"
EndProject
Project("{2150E333-8FDC-42A3-9474-1A3956D46DE8}") = "4.1 - Data", "4.1 - Data", "{79DD9916-28D0-4EEC-A545-AC4703368758}"
EndProject
Project("{2150E333-8FDC-42A3-9474-1A3956D46DE8}") = "4.2 - CrossCutting", "4.2 - CrossCutting", "{9E931BB7-553A-48FE-918D-F1C335BA1CA2}"
EndProject
Project("{9A19103F-16F7-4668-BE54-9A1E7A4F7556}") = "Conta.Infra.Data", "Conta.Infra.Data\Conta.Infra.Data.csproj", "{9203DBEB-D4D0-49D6-8153-C37FBA9FE73D}"
EndProject
Project("{9A19103F-16F7-4668-BE54-9A1E7A4F7556}") = "Conta.Infra.CrossCutting", "Conta.Infra.CrossCutting\Conta.Infra.CrossCutting.csproj", "{E34FAA93-C21B-4FFF-9F47-701612A4F240}"
EndProject
Project("{9A19103F-16F7-4668-BE54-9A1E7A4F7556}") = "Conta.Infra.CrossCutting.IoC", "Conta.Infra.CrossCutting.IoC\Conta.Infra.CrossCutting.IoC.csproj", "{574E898F-26F8-4233-AAE7-C27027F2127E}"
EndProject
Project("{9A19103F-16F7-4668-BE54-9A1E7A4F7556}") = "Conta.Domain", "Conta.Domain\Conta.Domain.csproj", "{25C4C509-AAFA-4A9C-A4B1-7E882F930D5D}"
EndProject
Project("{9A19103F-16F7-4668-BE54-9A1E7A4F7556}") = "Conta.Application", "Conta.Application\Conta.Application.csproj", "{59BAAC28-EF73-442E-A9DC-1BA60C82FDD2}"
EndProject
Project("{9A19103F-16F7-4668-BE54-9A1E7A4F7556}") = "Conta.Presentation.Api", "Conta.Presentation.Api\Conta.Presentation.Api.csproj", "{5C78081B-F8B9-4120-90DA-740CF5CA08D1}"
EndProject
Project("{9A19103F-16F7-4668-BE54-9A1E7A4F7556}") = "Conta.Test", "Conta.Test\Conta.Test.csproj", "{456FDD7F-80A3-4317-A255-2B3962A88688}"
EndProject
Project("{9A19103F-16F7-4668-BE54-9A1E7A4F7556}") = "Conta.Infra.CrossCutting.Extensions", "Conta.Infra.CrossCutting.Extensions\Conta.Infra.CrossCutting.Extensions.csproj", "{DF8FA9E1-ADA6-4B23-B348-44750E702B66}"
EndProject
Global
	GlobalSection(SolutionConfigurationPlatforms) = preSolution
		Debug|Any CPU = Debug|Any CPU
		Release|Any CPU = Release|Any CPU
	EndGlobalSection
	GlobalSection(ProjectConfigurationPlatforms) = postSolution
		{9203DBEB-D4D0-49D6-8153-C37FBA9FE73D}.Debug|Any CPU.ActiveCfg = Debug|Any CPU
		{9203DBEB-D4D0-49D6-8153-C37FBA9FE73D}.Debug|Any CPU.Build.0 = Debug|Any CPU
		{9203DBEB-D4D0-49D6-8153-C37FBA9FE73D}.Release|Any CPU.ActiveCfg = Release|Any CPU
		{9203DBEB-D4D0-49D6-8153-C37FBA9FE73D}.Release|Any CPU.Build.0 = Release|Any CPU
		{E34FAA93-C21B-4FFF-9F47-701612A4F240}.Debug|Any CPU.ActiveCfg = Debug|Any CPU
		{E34FAA93-C21B-4FFF-9F47-701612A4F240}.Debug|Any CPU.Build.0 = Debug|Any CPU
		{E34FAA93-C21B-4FFF-9F47-701612A4F240}.Release|Any CPU.ActiveCfg = Release|Any CPU
		{E34FAA93-C21B-4FFF-9F47-701612A4F240}.Release|Any CPU.Build.0 = Release|Any CPU
		{574E898F-26F8-4233-AAE7-C27027F2127E}.Debug|Any CPU.ActiveCfg = Debug|Any CPU
		{574E898F-26F8-4233-AAE7-C27027F2127E}.Debug|Any CPU.Build.0 = Debug|Any CPU
		{574E898F-26F8-4233-AAE7-C27027F2127E}.Release|Any CPU.ActiveCfg = Release|Any CPU
		{574E898F-26F8-4233-AAE7-C27027F2127E}.Release|Any CPU.Build.0 = Release|Any CPU
		{25C4C509-AAFA-4A9C-A4B1-7E882F930D5D}.Debug|Any CPU.ActiveCfg = Debug|Any CPU
		{25C4C509-AAFA-4A9C-A4B1-7E882F930D5D}.Debug|Any CPU.Build.0 = Debug|Any CPU
		{25C4C509-AAFA-4A9C-A4B1-7E882F930D5D}.Release|Any CPU.ActiveCfg = Release|Any CPU
		{25C4C509-AAFA-4A9C-A4B1-7E882F930D5D}.Release|Any CPU.Build.0 = Release|Any CPU
		{59BAAC28-EF73-442E-A9DC-1BA60C82FDD2}.Debug|Any CPU.ActiveCfg = Debug|Any CPU
		{59BAAC28-EF73-442E-A9DC-1BA60C82FDD2}.Debug|Any CPU.Build.0 = Debug|Any CPU
		{59BAAC28-EF73-442E-A9DC-1BA60C82FDD2}.Release|Any CPU.ActiveCfg = Release|Any CPU
		{59BAAC28-EF73-442E-A9DC-1BA60C82FDD2}.Release|Any CPU.Build.0 = Release|Any CPU
		{5C78081B-F8B9-4120-90DA-740CF5CA08D1}.Debug|Any CPU.ActiveCfg = Debug|Any CPU
		{5C78081B-F8B9-4120-90DA-740CF5CA08D1}.Debug|Any CPU.Build.0 = Debug|Any CPU
		{5C78081B-F8B9-4120-90DA-740CF5CA08D1}.Release|Any CPU.ActiveCfg = Release|Any CPU
		{5C78081B-F8B9-4120-90DA-740CF5CA08D1}.Release|Any CPU.Build.0 = Release|Any CPU
		{456FDD7F-80A3-4317-A255-2B3962A88688}.Debug|Any CPU.ActiveCfg = Debug|Any CPU
		{456FDD7F-80A3-4317-A255-2B3962A88688}.Debug|Any CPU.Build.0 = Debug|Any CPU
		{456FDD7F-80A3-4317-A255-2B3962A88688}.Release|Any CPU.ActiveCfg = Release|Any CPU
		{456FDD7F-80A3-4317-A255-2B3962A88688}.Release|Any CPU.Build.0 = Release|Any CPU
		{DF8FA9E1-ADA6-4B23-B348-44750E702B66}.Debug|Any CPU.ActiveCfg = Debug|Any CPU
		{DF8FA9E1-ADA6-4B23-B348-44750E702B66}.Debug|Any CPU.Build.0 = Debug|Any CPU
		{DF8FA9E1-ADA6-4B23-B348-44750E702B66}.Release|Any CPU.ActiveCfg = Release|Any CPU
		{DF8FA9E1-ADA6-4B23-B348-44750E702B66}.Release|Any CPU.Build.0 = Release|Any CPU
	EndGlobalSection
	GlobalSection(SolutionProperties) = preSolution
		HideSolutionNode = FALSE
	EndGlobalSection
	GlobalSection(NestedProjects) = preSolution
		{79DD9916-28D0-4EEC-A545-AC4703368758} = {D3867F77-BF1A-4FAE-8A32-2FA286BCF364}
		{9E931BB7-553A-48FE-918D-F1C335BA1CA2} = {D3867F77-BF1A-4FAE-8A32-2FA286BCF364}
		{9203DBEB-D4D0-49D6-8153-C37FBA9FE73D} = {79DD9916-28D0-4EEC-A545-AC4703368758}
		{E34FAA93-C21B-4FFF-9F47-701612A4F240} = {9E931BB7-553A-48FE-918D-F1C335BA1CA2}
		{574E898F-26F8-4233-AAE7-C27027F2127E} = {9E931BB7-553A-48FE-918D-F1C335BA1CA2}
		{25C4C509-AAFA-4A9C-A4B1-7E882F930D5D} = {138BC81B-080E-4C8E-AC32-99122E0975BD}
		{59BAAC28-EF73-442E-A9DC-1BA60C82FDD2} = {27CE0B20-8EA4-4308-81B3-358A90DB447A}
		{5C78081B-F8B9-4120-90DA-740CF5CA08D1} = {9D04DCD4-F734-48F3-938F-2019E15EB8F4}
		{456FDD7F-80A3-4317-A255-2B3962A88688} = {5F48F8C5-EDC5-49AE-9850-8B3E16F73D8C}
		{DF8FA9E1-ADA6-4B23-B348-44750E702B66} = {9E931BB7-553A-48FE-918D-F1C335BA1CA2}
	EndGlobalSection
	GlobalSection(ExtensibilityGlobals) = postSolution
		SolutionGuid = {49A54E22-3B2B-448D-A325-04960C89E947}
	EndGlobalSection
EndGlobal
